
Microsoft Visual Studio Solution File, Format Version 12.00
# Visual Studio Version 17
VisualStudioVersion = 17.13.35931.197 d17.13
MinimumVisualStudioVersion = 10.0.40219.1
Project("{FAE04EC0-301F-11D3-BF4B-00C04F79EFBC}") = "LMS", "LMS\LMS.csproj", "{D664A681-67A0-439A-98B8-6090F37861DB}"
EndProject
Global
	GlobalSection(SolutionConfigurationPlatforms) = preSolution
		Debug|Any CPU = Debug|Any CPU
		Release|Any CPU = Release|Any CPU
	EndGlobalSection
	GlobalSection(ProjectConfigurationPlatforms) = postSolution
		{D664A681-67A0-439A-98B8-6090F37861DB}.Debug|Any CPU.ActiveCfg = Debug|Any CPU
		{D664A681-67A0-439A-98B8-6090F37861DB}.Debug|Any CPU.Build.0 = Debug|Any CPU
		{D664A681-67A0-439A-98B8-6090F37861DB}.Release|Any CPU.ActiveCfg = Release|Any CPU
		{D664A681-67A0-439A-98B8-6090F37861DB}.Release|Any CPU.Build.0 = Release|Any CPU
	EndGlobalSection
	GlobalSection(SolutionProperties) = preSolution
		HideSolutionNode = FALSE
	EndGlobalSection
	GlobalSection(ExtensibilityGlobals) = postSolution
		SolutionGuid = {B1F5497F-C25E-431C-8DFE-312FEDD88111}
	EndGlobalSection
EndGlobal
